
Microsoft Visual Studio Solution File, Format Version 12.00
# Visual Studio Version 16
VisualStudioVersion = 16.0.32126.315
MinimumVisualStudioVersion = 10.0.40219.1
Project("{FAE04EC0-301F-11D3-BF4B-00C04F79EFBC}") = "RevitAPICreateModel2", "RevitAPICreateModel2\RevitAPICreateModel2.csproj", "{B6F43DF7-A16C-4385-905A-F957A74B42BE}"
EndProject
Global
	GlobalSection(SolutionConfigurationPlatforms) = preSolution
		Debug|Any CPU = Debug|Any CPU
		Release|Any CPU = Release|Any CPU
	EndGlobalSection
	GlobalSection(ProjectConfigurationPlatforms) = postSolution
		{B6F43DF7-A16C-4385-905A-F957A74B42BE}.Debug|Any CPU.ActiveCfg = Debug|Any CPU
		{B6F43DF7-A16C-4385-905A-F957A74B42BE}.Debug|Any CPU.Build.0 = Debug|Any CPU
		{B6F43DF7-A16C-4385-905A-F957A74B42BE}.Release|Any CPU.ActiveCfg = Release|Any CPU
		{B6F43DF7-A16C-4385-905A-F957A74B42BE}.Release|Any CPU.Build.0 = Release|Any CPU
	EndGlobalSection
	GlobalSection(SolutionProperties) = preSolution
		HideSolutionNode = FALSE
	EndGlobalSection
	GlobalSection(ExtensibilityGlobals) = postSolution
		SolutionGuid = {63E6CF8E-8B59-4576-BF85-47F361516A60}
	EndGlobalSection
EndGlobal
